// !$*UTF8*$!
{
	archiveVersion = 1;
	classes = {
	};
	objectVersion = 46;
	objects = {

/* Begin PBXBuildFile section */
		92435CCB1C0486E100514A0F /* Launch Screen.storyboard in Resources */ = {isa = PBXBuildFile; fileRef = 92435CCA1C0486E100514A0F /* Launch Screen.storyboard */; };
		92A6CEBE1BE88E5D0022BF31 /* AppDelegate.swift in Sources */ = {isa = PBXBuildFile; fileRef = 92A6CEBD1BE88E5D0022BF31 /* AppDelegate.swift */; };
		92A6CEC31BE88E5D0022BF31 /* Main.storyboard in Resources */ = {isa = PBXBuildFile; fileRef = 92A6CEC11BE88E5D0022BF31 /* Main.storyboard */; };
		92A6CEC51BE88E5D0022BF31 /* Assets.xcassets in Resources */ = {isa = PBXBuildFile; fileRef = 92A6CEC41BE88E5D0022BF31 /* Assets.xcassets */; };
		92A7961F1C05F69100E11F20 /* HomePageViewController.swift in Sources */ = {isa = PBXBuildFile; fileRef = 92A7961C1C05F69100E11F20 /* HomePageViewController.swift */; };
		92A796201C05F69100E11F20 /* HomeViewController.swift in Sources */ = {isa = PBXBuildFile; fileRef = 92A7961D1C05F69100E11F20 /* HomeViewController.swift */; };
		92A796211C05F69100E11F20 /* MusicInfoPageContentViewController.swift in Sources */ = {isa = PBXBuildFile; fileRef = 92A7961E1C05F69100E11F20 /* MusicInfoPageContentViewController.swift */; };
		92A796261C05FB1B00E11F20 /* ExampleDrawerManager.swift in Sources */ = {isa = PBXBuildFile; fileRef = 92A796251C05FB1B00E11F20 /* ExampleDrawerManager.swift */; };
		92A796281C05FD9E00E11F20 /* ChannelTableViewController.swift in Sources */ = {isa = PBXBuildFile; fileRef = 92A796271C05FD9E00E11F20 /* ChannelTableViewController.swift */; };
		92A7962B1C0600F400E11F20 /* ChannelTableViewCell.swift in Sources */ = {isa = PBXBuildFile; fileRef = 92A7962A1C0600F400E11F20 /* ChannelTableViewCell.swift */; };
		92F9D3341C081CB500799A58 /* SearchViewController.swift in Sources */ = {isa = PBXBuildFile; fileRef = 92F9D3331C081CB500799A58 /* SearchViewController.swift */; };
		92F9D3361C0820F500799A58 /* SearchTableViewCell.swift in Sources */ = {isa = PBXBuildFile; fileRef = 92F9D3351C0820F500799A58 /* SearchTableViewCell.swift */; };
		92F9D37D1C09E15200799A58 /* UIColor+HexString.swift in Sources */ = {isa = PBXBuildFile; fileRef = 92F9D37C1C09E15200799A58 /* UIColor+HexString.swift */; };
		92F9D37F1C09E43200799A58 /* MusicLyricViewController.swift in Sources */ = {isa = PBXBuildFile; fileRef = 92F9D37E1C09E43200799A58 /* MusicLyricViewController.swift */; };
		AF4CBD1A2B66636B9BAE45EB /* Pods_Miyu.framework in Frameworks */ = {isa = PBXBuildFile; fileRef = 0969D93F6324282F63913A8D /* Pods_Miyu.framework */; };
/* End PBXBuildFile section */

/* Begin PBXFileReference section */
		0969D93F6324282F63913A8D /* Pods_Miyu.framework */ = {isa = PBXFileReference; explicitFileType = wrapper.framework; includeInIndex = 0; path = Pods_Miyu.framework; sourceTree = BUILT_PRODUCTS_DIR; };
		57F3028237C2B0EFE43B73DA /* Pods-Miyu.debug.xcconfig */ = {isa = PBXFileReference; includeInIndex = 1; lastKnownFileType = text.xcconfig; name = "Pods-Miyu.debug.xcconfig"; path = "Pods/Target Support Files/Pods-Miyu/Pods-Miyu.debug.xcconfig"; sourceTree = "<group>"; };
		92435CCA1C0486E100514A0F /* Launch Screen.storyboard */ = {isa = PBXFileReference; fileEncoding = 4; lastKnownFileType = file.storyboard; path = "Launch Screen.storyboard"; sourceTree = "<group>"; };
		92A6CEBA1BE88E5D0022BF31 /* Miyu.app */ = {isa = PBXFileReference; explicitFileType = wrapper.application; includeInIndex = 0; path = Miyu.app; sourceTree = BUILT_PRODUCTS_DIR; };
		92A6CEBD1BE88E5D0022BF31 /* AppDelegate.swift */ = {isa = PBXFileReference; lastKnownFileType = sourcecode.swift; path = AppDelegate.swift; sourceTree = "<group>"; };
		92A6CEC21BE88E5D0022BF31 /* Base */ = {isa = PBXFileReference; lastKnownFileType = file.storyboard; name = Base; path = Base.lproj/Main.storyboard; sourceTree = "<group>"; };
		92A6CEC41BE88E5D0022BF31 /* Assets.xcassets */ = {isa = PBXFileReference; lastKnownFileType = folder.assetcatalog; path = Assets.xcassets; sourceTree = "<group>"; };
		92A6CEC91BE88E5D0022BF31 /* Info.plist */ = {isa = PBXFileReference; lastKnownFileType = text.plist.xml; path = Info.plist; sourceTree = "<group>"; };
		92A7961C1C05F69100E11F20 /* HomePageViewController.swift */ = {isa = PBXFileReference; fileEncoding = 4; lastKnownFileType = sourcecode.swift; path = HomePageViewController.swift; sourceTree = "<group>"; };
		92A7961D1C05F69100E11F20 /* HomeViewController.swift */ = {isa = PBXFileReference; fileEncoding = 4; lastKnownFileType = sourcecode.swift; path = HomeViewController.swift; sourceTree = "<group>"; };
		92A7961E1C05F69100E11F20 /* MusicInfoPageContentViewController.swift */ = {isa = PBXFileReference; fileEncoding = 4; lastKnownFileType = sourcecode.swift; path = MusicInfoPageContentViewController.swift; sourceTree = "<group>"; };
		92A796251C05FB1B00E11F20 /* ExampleDrawerManager.swift */ = {isa = PBXFileReference; fileEncoding = 4; lastKnownFileType = sourcecode.swift; path = ExampleDrawerManager.swift; sourceTree = "<group>"; };
		92A796271C05FD9E00E11F20 /* ChannelTableViewController.swift */ = {isa = PBXFileReference; fileEncoding = 4; lastKnownFileType = sourcecode.swift; path = ChannelTableViewController.swift; sourceTree = "<group>"; };
		92A7962A1C0600F400E11F20 /* ChannelTableViewCell.swift */ = {isa = PBXFileReference; fileEncoding = 4; lastKnownFileType = sourcecode.swift; path = ChannelTableViewCell.swift; sourceTree = "<group>"; };
		92F9D3331C081CB500799A58 /* SearchViewController.swift */ = {isa = PBXFileReference; fileEncoding = 4; lastKnownFileType = sourcecode.swift; path = SearchViewController.swift; sourceTree = "<group>"; };
		92F9D3351C0820F500799A58 /* SearchTableViewCell.swift */ = {isa = PBXFileReference; fileEncoding = 4; lastKnownFileType = sourcecode.swift; path = SearchTableViewCell.swift; sourceTree = "<group>"; };
		92F9D37C1C09E15200799A58 /* UIColor+HexString.swift */ = {isa = PBXFileReference; fileEncoding = 4; lastKnownFileType = sourcecode.swift; path = "UIColor+HexString.swift"; sourceTree = "<group>"; };
		92F9D37E1C09E43200799A58 /* MusicLyricViewController.swift */ = {isa = PBXFileReference; fileEncoding = 4; lastKnownFileType = sourcecode.swift; path = MusicLyricViewController.swift; sourceTree = "<group>"; };
		A88C2E3234073A5BE87A2EE7 /* Pods-Miyu.release.xcconfig */ = {isa = PBXFileReference; includeInIndex = 1; lastKnownFileType = text.xcconfig; name = "Pods-Miyu.release.xcconfig"; path = "Pods/Target Support Files/Pods-Miyu/Pods-Miyu.release.xcconfig"; sourceTree = "<group>"; };
/* End PBXFileReference section */

/* Begin PBXFrameworksBuildPhase section */
		92A6CEB71BE88E5D0022BF31 /* Frameworks */ = {
			isa = PBXFrameworksBuildPhase;
			buildActionMask = 2147483647;
			files = (
				AF4CBD1A2B66636B9BAE45EB /* Pods_Miyu.framework in Frameworks */,
			);
			runOnlyForDeploymentPostprocessing = 0;
		};
/* End PBXFrameworksBuildPhase section */

/* Begin PBXGroup section */
		92A6CEB11BE88E5D0022BF31 = {
			isa = PBXGroup;
			children = (
				92A6CEBC1BE88E5D0022BF31 /* Miyu */,
				92A6CEBB1BE88E5D0022BF31 /* Products */,
				D91669494A9AE8DC67FD6919 /* Pods */,
				C39B1FA390A16DB1170DD98D /* Frameworks */,
			);
			sourceTree = "<group>";
		};
		92A6CEBB1BE88E5D0022BF31 /* Products */ = {
			isa = PBXGroup;
			children = (
				92A6CEBA1BE88E5D0022BF31 /* Miyu.app */,
			);
			name = Products;
			sourceTree = "<group>";
		};
		92A6CEBC1BE88E5D0022BF31 /* Miyu */ = {
			isa = PBXGroup;
			children = (
				92F9D3381C083B6A00799A58 /* API */,
				92F9D3771C09DF7D00799A58 /* Extensions */,
				92A796291C0600E500E11F20 /* View */,
				92A7961B1C05F67400E11F20 /* ViewController */,
				92A6CEBD1BE88E5D0022BF31 /* AppDelegate.swift */,
				92A6CEC11BE88E5D0022BF31 /* Main.storyboard */,
				92435CCA1C0486E100514A0F /* Launch Screen.storyboard */,
				92A6CEC41BE88E5D0022BF31 /* Assets.xcassets */,
				92A6CEC91BE88E5D0022BF31 /* Info.plist */,
				92A796251C05FB1B00E11F20 /* ExampleDrawerManager.swift */,
			);
			path = Miyu;
			sourceTree = "<group>";
		};
		92A7961B1C05F67400E11F20 /* ViewController */ = {
			isa = PBXGroup;
			children = (
				92F9D3801C09E4C500799A58 /* Home */,
				92A796271C05FD9E00E11F20 /* ChannelTableViewController.swift */,
				92F9D3331C081CB500799A58 /* SearchViewController.swift */,
			);
			path = ViewController;
			sourceTree = "<group>";
		};
		92A796291C0600E500E11F20 /* View */ = {
			isa = PBXGroup;
			children = (
				92A7962A1C0600F400E11F20 /* ChannelTableViewCell.swift */,
				92F9D3351C0820F500799A58 /* SearchTableViewCell.swift */,
			);
			path = View;
			sourceTree = "<group>";
		};
		92F9D3381C083B6A00799A58 /* API */ = {
			isa = PBXGroup;
			children = (
			);
			path = API;
			sourceTree = "<group>";
		};
		92F9D3771C09DF7D00799A58 /* Extensions */ = {
			isa = PBXGroup;
			children = (
				92F9D37C1C09E15200799A58 /* UIColor+HexString.swift */,
			);
			path = Extensions;
			sourceTree = "<group>";
		};
		92F9D3801C09E4C500799A58 /* Home */ = {
			isa = PBXGroup;
			children = (
				92A7961D1C05F69100E11F20 /* HomeViewController.swift */,
				92A7961C1C05F69100E11F20 /* HomePageViewController.swift */,
				92A7961E1C05F69100E11F20 /* MusicInfoPageContentViewController.swift */,
				92F9D37E1C09E43200799A58 /* MusicLyricViewController.swift */,
			);
			name = Home;
			sourceTree = "<group>";
		};
		C39B1FA390A16DB1170DD98D /* Frameworks */ = {
			isa = PBXGroup;
			children = (
				0969D93F6324282F63913A8D /* Pods_Miyu.framework */,
			);
			name = Frameworks;
			sourceTree = "<group>";
		};
		D91669494A9AE8DC67FD6919 /* Pods */ = {
			isa = PBXGroup;
			children = (
				57F3028237C2B0EFE43B73DA /* Pods-Miyu.debug.xcconfig */,
				A88C2E3234073A5BE87A2EE7 /* Pods-Miyu.release.xcconfig */,
			);
			name = Pods;
			sourceTree = "<group>";
		};
/* End PBXGroup section */

/* Begin PBXNativeTarget section */
		92A6CEB91BE88E5D0022BF31 /* Miyu */ = {
			isa = PBXNativeTarget;
			buildConfigurationList = 92A6CECC1BE88E5D0022BF31 /* Build configuration list for PBXNativeTarget "Miyu" */;
			buildPhases = (
				7C1184709AA74FD0393D3AD8 /* Check Pods Manifest.lock */,
				92A6CEB61BE88E5D0022BF31 /* Sources */,
				92A6CEB71BE88E5D0022BF31 /* Frameworks */,
				92A6CEB81BE88E5D0022BF31 /* Resources */,
				CDE461C292ABFDEF912F581B /* Embed Pods Frameworks */,
				D99C82FB7A8691A54B0CB7FC /* Copy Pods Resources */,
				92A7961A1C05E9BF00E11F20 /* ShellScript */,
				92D6F1D51C0A00CD002801C3 /* ShellScript */,
			);
			buildRules = (
			);
			dependencies = (
			);
			name = Miyu;
			productName = Miyu;
			productReference = 92A6CEBA1BE88E5D0022BF31 /* Miyu.app */;
			productType = "com.apple.product-type.application";
		};
/* End PBXNativeTarget section */

/* Begin PBXProject section */
		92A6CEB21BE88E5D0022BF31 /* Project object */ = {
			isa = PBXProject;
			attributes = {
				CLASSPREFIX = "";
				LastSwiftUpdateCheck = 0710;
				LastUpgradeCheck = 0710;
				ORGANIZATIONNAME = Cee;
				TargetAttributes = {
					92A6CEB91BE88E5D0022BF31 = {
						CreatedOnToolsVersion = 7.1;
					};
				};
			};
			buildConfigurationList = 92A6CEB51BE88E5D0022BF31 /* Build configuration list for PBXProject "Miyu" */;
			compatibilityVersion = "Xcode 3.2";
			developmentRegion = English;
			hasScannedForEncodings = 0;
			knownRegions = (
				en,
				Base,
			);
			mainGroup = 92A6CEB11BE88E5D0022BF31;
			productRefGroup = 92A6CEBB1BE88E5D0022BF31 /* Products */;
			projectDirPath = "";
			projectRoot = "";
			targets = (
				92A6CEB91BE88E5D0022BF31 /* Miyu */,
			);
		};
/* End PBXProject section */

/* Begin PBXResourcesBuildPhase section */
		92A6CEB81BE88E5D0022BF31 /* Resources */ = {
			isa = PBXResourcesBuildPhase;
			buildActionMask = 2147483647;
			files = (
				92435CCB1C0486E100514A0F /* Launch Screen.storyboard in Resources */,
				92A6CEC51BE88E5D0022BF31 /* Assets.xcassets in Resources */,
				92A6CEC31BE88E5D0022BF31 /* Main.storyboard in Resources */,
			);
			runOnlyForDeploymentPostprocessing = 0;
		};
/* End PBXResourcesBuildPhase section */

/* Begin PBXShellScriptBuildPhase section */
		7C1184709AA74FD0393D3AD8 /* Check Pods Manifest.lock */ = {
			isa = PBXShellScriptBuildPhase;
			buildActionMask = 2147483647;
			files = (
			);
			inputPaths = (
			);
			name = "Check Pods Manifest.lock";
			outputPaths = (
			);
			runOnlyForDeploymentPostprocessing = 0;
			shellPath = /bin/sh;
			shellScript = "diff \"${PODS_ROOT}/../Podfile.lock\" \"${PODS_ROOT}/Manifest.lock\" > /dev/null\nif [[ $? != 0 ]] ; then\n    cat << EOM\nerror: The sandbox is not in sync with the Podfile.lock. Run 'pod install' or update your CocoaPods installation.\nEOM\n    exit 1\nfi\n";
			showEnvVarsInLog = 0;
		};
		92A7961A1C05E9BF00E11F20 /* ShellScript */ = {
			isa = PBXShellScriptBuildPhase;
			buildActionMask = 2147483647;
			files = (
			);
			inputPaths = (
			);
			outputPaths = (
			);
			runOnlyForDeploymentPostprocessing = 0;
			shellPath = /bin/sh;
			shellScript = "\"${PODS_ROOT}/Fabric/run\" 0ac5f73da9a52a6af1caa26aebbb7171573ac006 7e811416b5c910f8312e1bb2243cc2db65994a442f13d3a8324f22887223d6c5";
		};
		92D6F1D51C0A00CD002801C3 /* ShellScript */ = {
			isa = PBXShellScriptBuildPhase;
			buildActionMask = 8;
			files = (
			);
			inputPaths = (
			);
			outputPaths = (
			);
			runOnlyForDeploymentPostprocessing = 1;
			shellPath = /bin/sh;
			shellScript = "\n# xcode-build-bump.sh\n# @desc Auto-increment the build number every time the project is run.\n# @usage\n# 1. Select: your Target in Xcode\n# 2. Select: Build Phases Tab\n# 3. Select: Add Build Phase -> Add Run Script\n# 4. Paste code below in to new \"Run Script\" section\n# 5. Drag the \"Run Script\" below \"Link Binaries With Libraries\"\n# 6. Insure that your starting build number is set to a whole integer and not a float (e.g. 1, not 1.0)\n\nbuildNumber=$(/usr/libexec/PlistBuddy -c \"Print CFBundleVersion\" \"${PROJECT_DIR}/${INFOPLIST_FILE}\")\nbuildNumber=$(($buildNumber + 1))\n/usr/libexec/PlistBuddy -c \"Set :CFBundleVersion $buildNumber\" \"${PROJECT_DIR}/${INFOPLIST_FILE}\"";
		};
		CDE461C292ABFDEF912F581B /* Embed Pods Frameworks */ = {
			isa = PBXShellScriptBuildPhase;
			buildActionMask = 2147483647;
			files = (
			);
			inputPaths = (
			);
			name = "Embed Pods Frameworks";
			outputPaths = (
			);
			runOnlyForDeploymentPostprocessing = 0;
			shellPath = /bin/sh;
			shellScript = "\"${SRCROOT}/Pods/Target Support Files/Pods-Miyu/Pods-Miyu-frameworks.sh\"\n";
			showEnvVarsInLog = 0;
		};
		D99C82FB7A8691A54B0CB7FC /* Copy Pods Resources */ = {
			isa = PBXShellScriptBuildPhase;
			buildActionMask = 2147483647;
			files = (
			);
			inputPaths = (
			);
			name = "Copy Pods Resources";
			outputPaths = (
			);
			runOnlyForDeploymentPostprocessing = 0;
			shellPath = /bin/sh;
			shellScript = "\"${SRCROOT}/Pods/Target Support Files/Pods-Miyu/Pods-Miyu-resources.sh\"\n";
			showEnvVarsInLog = 0;
		};
/* End PBXShellScriptBuildPhase section */

/* Begin PBXSourcesBuildPhase section */
		92A6CEB61BE88E5D0022BF31 /* Sources */ = {
			isa = PBXSourcesBuildPhase;
			buildActionMask = 2147483647;
			files = (
				92F9D3361C0820F500799A58 /* SearchTableViewCell.swift in Sources */,
				92A7961F1C05F69100E11F20 /* HomePageViewController.swift in Sources */,
				92A6CEBE1BE88E5D0022BF31 /* AppDelegate.swift in Sources */,
				92F9D37F1C09E43200799A58 /* MusicLyricViewController.swift in Sources */,
				92F9D3341C081CB500799A58 /* SearchViewController.swift in Sources */,
				92A796281C05FD9E00E11F20 /* ChannelTableViewController.swift in Sources */,
				92A7962B1C0600F400E11F20 /* ChannelTableViewCell.swift in Sources */,
				92A796261C05FB1B00E11F20 /* ExampleDrawerManager.swift in Sources */,
				92A796201C05F69100E11F20 /* HomeViewController.swift in Sources */,
				92F9D37D1C09E15200799A58 /* UIColor+HexString.swift in Sources */,
				92A796211C05F69100E11F20 /* MusicInfoPageContentViewController.swift in Sources */,
			);
			runOnlyForDeploymentPostprocessing = 0;
		};
/* End PBXSourcesBuildPhase section */

/* Begin PBXVariantGroup section */
		92A6CEC11BE88E5D0022BF31 /* Main.storyboard */ = {
			isa = PBXVariantGroup;
			children = (
				92A6CEC21BE88E5D0022BF31 /* Base */,
			);
			name = Main.storyboard;
			sourceTree = "<group>";
		};
/* End PBXVariantGroup section */

/* Begin XCBuildConfiguration section */
		92A6CECA1BE88E5D0022BF31 /* Debug */ = {
			isa = XCBuildConfiguration;
			buildSettings = {
				ALWAYS_SEARCH_USER_PATHS = NO;
				CLANG_CXX_LANGUAGE_STANDARD = "gnu++0x";
				CLANG_CXX_LIBRARY = "libc++";
				CLANG_ENABLE_MODULES = YES;
				CLANG_ENABLE_OBJC_ARC = YES;
				CLANG_WARN_BOOL_CONVERSION = YES;
				CLANG_WARN_CONSTANT_CONVERSION = YES;
				CLANG_WARN_DIRECT_OBJC_ISA_USAGE = YES_ERROR;
				CLANG_WARN_EMPTY_BODY = YES;
				CLANG_WARN_ENUM_CONVERSION = YES;
				CLANG_WARN_INT_CONVERSION = YES;
				CLANG_WARN_OBJC_ROOT_CLASS = YES_ERROR;
				CLANG_WARN_UNREACHABLE_CODE = YES;
				CLANG_WARN__DUPLICATE_METHOD_MATCH = YES;
				CODE_SIGN_IDENTITY = "iPhone Developer: Tianyu Wang (8H8FNZFPPU)";
				"CODE_SIGN_IDENTITY[sdk=iphoneos*]" = "iPhone Developer: Tianyu Wang (8H8FNZFPPU)";
				COPY_PHASE_STRIP = NO;
				DEBUG_INFORMATION_FORMAT = dwarf;
				ENABLE_STRICT_OBJC_MSGSEND = YES;
				ENABLE_TESTABILITY = YES;
				GCC_C_LANGUAGE_STANDARD = gnu99;
				GCC_DYNAMIC_NO_PIC = NO;
				GCC_NO_COMMON_BLOCKS = YES;
				GCC_OPTIMIZATION_LEVEL = 0;
				GCC_PREPROCESSOR_DEFINITIONS = (
					"DEBUG=1",
					"$(inherited)",
				);
				GCC_WARN_64_TO_32_BIT_CONVERSION = YES;
				GCC_WARN_ABOUT_RETURN_TYPE = YES_ERROR;
				GCC_WARN_UNDECLARED_SELECTOR = YES;
				GCC_WARN_UNINITIALIZED_AUTOS = YES_AGGRESSIVE;
				GCC_WARN_UNUSED_FUNCTION = YES;
				GCC_WARN_UNUSED_VARIABLE = YES;
				IPHONEOS_DEPLOYMENT_TARGET = 9.0;
				MTL_ENABLE_DEBUG_INFO = YES;
				ONLY_ACTIVE_ARCH = YES;
				PROVISIONING_PROFILE = "0d201787-6e18-4861-b946-f393026cd5a0";
				SDKROOT = iphoneos;
				SWIFT_OPTIMIZATION_LEVEL = "-Onone";
			};
			name = Debug;
		};
		92A6CECB1BE88E5D0022BF31 /* Release */ = {
			isa = XCBuildConfiguration;
			buildSettings = {
				ALWAYS_SEARCH_USER_PATHS = NO;
				CLANG_CXX_LANGUAGE_STANDARD = "gnu++0x";
				CLANG_CXX_LIBRARY = "libc++";
				CLANG_ENABLE_MODULES = YES;
				CLANG_ENABLE_OBJC_ARC = YES;
				CLANG_WARN_BOOL_CONVERSION = YES;
				CLANG_WARN_CONSTANT_CONVERSION = YES;
				CLANG_WARN_DIRECT_OBJC_ISA_USAGE = YES_ERROR;
				CLANG_WARN_EMPTY_BODY = YES;
				CLANG_WARN_ENUM_CONVERSION = YES;
				CLANG_WARN_INT_CONVERSION = YES;
				CLANG_WARN_OBJC_ROOT_CLASS = YES_ERROR;
				CLANG_WARN_UNREACHABLE_CODE = YES;
				CLANG_WARN__DUPLICATE_METHOD_MATCH = YES;
				CODE_SIGN_IDENTITY = "iPhone Distribution: Tianyu Wang (BJJYLFU3B7)";
				"CODE_SIGN_IDENTITY[sdk=iphoneos*]" = "iPhone Distribution: Tianyu Wang (BJJYLFU3B7)";
				COPY_PHASE_STRIP = NO;
				DEBUG_INFORMATION_FORMAT = "dwarf-with-dsym";
				ENABLE_NS_ASSERTIONS = NO;
				ENABLE_STRICT_OBJC_MSGSEND = YES;
				GCC_C_LANGUAGE_STANDARD = gnu99;
				GCC_NO_COMMON_BLOCKS = YES;
				GCC_WARN_64_TO_32_BIT_CONVERSION = YES;
				GCC_WARN_ABOUT_RETURN_TYPE = YES_ERROR;
				GCC_WARN_UNDECLARED_SELECTOR = YES;
				GCC_WARN_UNINITIALIZED_AUTOS = YES_AGGRESSIVE;
				GCC_WARN_UNUSED_FUNCTION = YES;
				GCC_WARN_UNUSED_VARIABLE = YES;
				IPHONEOS_DEPLOYMENT_TARGET = 9.0;
				MTL_ENABLE_DEBUG_INFO = NO;
				PROVISIONING_PROFILE = "8467040e-cb56-4b1d-b999-d6c199a3b8cd";
				SDKROOT = iphoneos;
				VALIDATE_PRODUCT = YES;
			};
			name = Release;
		};
		92A6CECD1BE88E5D0022BF31 /* Debug */ = {
			isa = XCBuildConfiguration;
			baseConfigurationReference = 57F3028237C2B0EFE43B73DA /* Pods-Miyu.debug.xcconfig */;
			buildSettings = {
				ASSETCATALOG_COMPILER_APPICON_NAME = AppIcon;
				CODE_SIGN_IDENTITY = "iPhone Developer: Tianyu Wang (8H8FNZFPPU)";
				"CODE_SIGN_IDENTITY[sdk=iphoneos*]" = "iPhone Developer: Tianyu Wang (8H8FNZFPPU)";
				DEBUG_INFORMATION_FORMAT = "dwarf-with-dsym";
				INFOPLIST_FILE = Miyu/Info.plist;
				IPHONEOS_DEPLOYMENT_TARGET = 9.0;
				LD_RUNPATH_SEARCH_PATHS = "$(inherited) @executable_path/Frameworks";
				PRODUCT_BUNDLE_IDENTIFIER = io.Cee.Miyu;
				PRODUCT_NAME = "$(TARGET_NAME)";
				PROVISIONING_PROFILE = "0d201787-6e18-4861-b946-f393026cd5a0";
				TARGETED_DEVICE_FAMILY = 1;
			};
			name = Debug;
		};
		92A6CECE1BE88E5D0022BF31 /* Release */ = {
			isa = XCBuildConfiguration;
			baseConfigurationReference = A88C2E3234073A5BE87A2EE7 /* Pods-Miyu.release.xcconfig */;
			buildSettings = {
				ASSETCATALOG_COMPILER_APPICON_NAME = AppIcon;
				CODE_SIGN_IDENTITY = "iPhone Distribution: Tianyu Wang (BJJYLFU3B7)";
				"CODE_SIGN_IDENTITY[sdk=iphoneos*]" = "iPhone Distribution: Tianyu Wang (BJJYLFU3B7)";
				INFOPLIST_FILE = Miyu/Info.plist;
				IPHONEOS_DEPLOYMENT_TARGET = 9.0;
				LD_RUNPATH_SEARCH_PATHS = "$(inherited) @executable_path/Frameworks";
				PRODUCT_BUNDLE_IDENTIFIER = io.Cee.Miyu;
				PRODUCT_NAME = "$(TARGET_NAME)";
				PROVISIONING_PROFILE = "8467040e-cb56-4b1d-b999-d6c199a3b8cd";
				TARGETED_DEVICE_FAMILY = 1;
			};
			name = Release;
		};
/* End XCBuildConfiguration section */

/* Begin XCConfigurationList section */
		92A6CEB51BE88E5D0022BF31 /* Build configuration list for PBXProject "Miyu" */ = {
			isa = XCConfigurationList;
			buildConfigurations = (
				92A6CECA1BE88E5D0022BF31 /* Debug */,
				92A6CECB1BE88E5D0022BF31 /* Release */,
			);
			defaultConfigurationIsVisible = 0;
			defaultConfigurationName = Release;
		};
		92A6CECC1BE88E5D0022BF31 /* Build configuration list for PBXNativeTarget "Miyu" */ = {
			isa = XCConfigurationList;
			buildConfigurations = (
				92A6CECD1BE88E5D0022BF31 /* Debug */,
				92A6CECE1BE88E5D0022BF31 /* Release */,
			);
			defaultConfigurationIsVisible = 0;
			defaultConfigurationName = Release;
		};
/* End XCConfigurationList section */
	};
	rootObject = 92A6CEB21BE88E5D0022BF31 /* Project object */;
}
